
Microsoft Visual Studio Solution File, Format Version 12.00
# Visual Studio Version 17
VisualStudioVersion = 17.3.32929.385
MinimumVisualStudioVersion = 10.0.40219.1
Project("{9A19103F-16F7-4668-BE54-9A1E7A4F7556}") = "UserSignUp", "UserSignUp\UserSignUp.csproj", "{47B790B4-4916-4795-9F88-9B45323C3557}"
EndProject
Project("{9A19103F-16F7-4668-BE54-9A1E7A4F7556}") = "Frontend", "Frontend\Frontend.csproj", "{4DE22BBC-8FF4-4890-95BE-B8A69659005E}"
EndProject
Global
	GlobalSection(SolutionConfigurationPlatforms) = preSolution
		Debug|Any CPU = Debug|Any CPU
		Release|Any CPU = Release|Any CPU
	EndGlobalSection
	GlobalSection(ProjectConfigurationPlatforms) = postSolution
		{47B790B4-4916-4795-9F88-9B45323C3557}.Debug|Any CPU.ActiveCfg = Debug|Any CPU
		{47B790B4-4916-4795-9F88-9B45323C3557}.Debug|Any CPU.Build.0 = Debug|Any CPU
		{47B790B4-4916-4795-9F88-9B45323C3557}.Release|Any CPU.ActiveCfg = Release|Any CPU
		{47B790B4-4916-4795-9F88-9B45323C3557}.Release|Any CPU.Build.0 = Release|Any CPU
		{4DE22BBC-8FF4-4890-95BE-B8A69659005E}.Debug|Any CPU.ActiveCfg = Debug|Any CPU
		{4DE22BBC-8FF4-4890-95BE-B8A69659005E}.Debug|Any CPU.Build.0 = Debug|Any CPU
		{4DE22BBC-8FF4-4890-95BE-B8A69659005E}.Release|Any CPU.ActiveCfg = Release|Any CPU
		{4DE22BBC-8FF4-4890-95BE-B8A69659005E}.Release|Any CPU.Build.0 = Release|Any CPU
	EndGlobalSection
	GlobalSection(SolutionProperties) = preSolution
		HideSolutionNode = FALSE
	EndGlobalSection
	GlobalSection(ExtensibilityGlobals) = postSolution
		SolutionGuid = {7A962FFA-5EC8-43AD-983F-FF06BDB0AFB5}
	EndGlobalSection
EndGlobal
